{
  "name": "HTML-CSS-CV-demo",
  "lockfileVersion": 2,
  "requires": true,
  "packages": {
    "": {
      "dependencies": {
        "simple-icons": "^8.11.0"
      }
    },
    "node_modules/simple-icons": {
      "version": "8.11.0",
      "resolved": "https://registry.npmjs.org/simple-icons/-/simple-icons-8.11.0.tgz",
      "integrity": "sha512-/uzrLkK+4UnI2wEQf36OfPJdDfcLrgugUMOnPJ3FzdichZcjEQGrTYo4lhFoT87mSm6az7qpO0oFV0wzNS4erg==",
      "engines": {
        "node": ">=0.12.18"
      },
      "funding": {
        "type": "opencollective",
        "url": "https://opencollective.com/simple-icons"
      }
    }
  },
  "dependencies": {
    "simple-icons": {
      "version": "8.11.0",
      "resolved": "https://registry.npmjs.org/simple-icons/-/simple-icons-8.11.0.tgz",
      "integrity": "sha512-/uzrLkK+4UnI2wEQf36OfPJdDfcLrgugUMOnPJ3FzdichZcjEQGrTYo4lhFoT87mSm6az7qpO0oFV0wzNS4erg=="
    }
  }
}
